
Microsoft Visual Studio Solution File, Format Version 12.00
# Visual Studio 15
VisualStudioVersion = 15.0.28307.1062
MinimumVisualStudioVersion = 10.0.40219.1
Project("{FAE04EC0-301F-11D3-BF4B-00C04F79EFBC}") = "ConsoleUI", "ConsoleUI\ConsoleUI.csproj", "{4EF2BDD5-4595-4B38-B172-6031E1AFEA9C}"
EndProject
Global
	GlobalSection(SolutionConfigurationPlatforms) = preSolution
		Debug|Any CPU = Debug|Any CPU
		Release|Any CPU = Release|Any CPU
	EndGlobalSection
	GlobalSection(ProjectConfigurationPlatforms) = postSolution
		{4EF2BDD5-4595-4B38-B172-6031E1AFEA9C}.Debug|Any CPU.ActiveCfg = Debug|Any CPU
		{4EF2BDD5-4595-4B38-B172-6031E1AFEA9C}.Debug|Any CPU.Build.0 = Debug|Any CPU
		{4EF2BDD5-4595-4B38-B172-6031E1AFEA9C}.Release|Any CPU.ActiveCfg = Release|Any CPU
		{4EF2BDD5-4595-4B38-B172-6031E1AFEA9C}.Release|Any CPU.Build.0 = Release|Any CPU
	EndGlobalSection
	GlobalSection(SolutionProperties) = preSolution
		HideSolutionNode = FALSE
	EndGlobalSection
	GlobalSection(ExtensibilityGlobals) = postSolution
		SolutionGuid = {F5CA45C3-001F-469E-BF09-A5C894B526AD}
	EndGlobalSection
EndGlobal
